
Microsoft Visual Studio Solution File, Format Version 12.00
# Visual Studio 15
Project("{FAE04EC0-301F-11D3-BF4B-00C04F79EFBC}") = "Assembly-CSharp", "Assembly-CSharp.csproj", "{E9AFE29D-4FC5-EAE5-5DEE-94C09D3D356A}"
EndProject
Project("{FAE04EC0-301F-11D3-BF4B-00C04F79EFBC}") = "Assembly-CSharp-firstpass", "Assembly-CSharp-firstpass.csproj", "{1BA1A508-C204-95BF-7CB8-9AAF21ECE572}"
EndProject
Project("{FAE04EC0-301F-11D3-BF4B-00C04F79EFBC}") = "Assembly-CSharp-Editor", "Assembly-CSharp-Editor.csproj", "{604475F7-7015-A434-355B-363402E0235F}"
EndProject
Project("{FAE04EC0-301F-11D3-BF4B-00C04F79EFBC}") = "Assembly-CSharp-Editor-firstpass", "Assembly-CSharp-Editor-firstpass.csproj", "{8FE2AC54-9145-FE0B-0066-2C1E80D4EB65}"
EndProject
Global
	GlobalSection(SolutionConfigurationPlatforms) = preSolution
		Debug|Any CPU = Debug|Any CPU
		Release|Any CPU = Release|Any CPU
	EndGlobalSection
	GlobalSection(ProjectConfigurationPlatforms) = postSolution
		{E9AFE29D-4FC5-EAE5-5DEE-94C09D3D356A}.Debug|Any CPU.ActiveCfg = Debug|Any CPU
		{E9AFE29D-4FC5-EAE5-5DEE-94C09D3D356A}.Debug|Any CPU.Build.0 = Debug|Any CPU
		{E9AFE29D-4FC5-EAE5-5DEE-94C09D3D356A}.Release|Any CPU.ActiveCfg = Release|Any CPU
		{E9AFE29D-4FC5-EAE5-5DEE-94C09D3D356A}.Release|Any CPU.Build.0 = Release|Any CPU
		{1BA1A508-C204-95BF-7CB8-9AAF21ECE572}.Debug|Any CPU.ActiveCfg = Debug|Any CPU
		{1BA1A508-C204-95BF-7CB8-9AAF21ECE572}.Debug|Any CPU.Build.0 = Debug|Any CPU
		{1BA1A508-C204-95BF-7CB8-9AAF21ECE572}.Release|Any CPU.ActiveCfg = Release|Any CPU
		{1BA1A508-C204-95BF-7CB8-9AAF21ECE572}.Release|Any CPU.Build.0 = Release|Any CPU
		{604475F7-7015-A434-355B-363402E0235F}.Debug|Any CPU.ActiveCfg = Debug|Any CPU
		{604475F7-7015-A434-355B-363402E0235F}.Debug|Any CPU.Build.0 = Debug|Any CPU
		{604475F7-7015-A434-355B-363402E0235F}.Release|Any CPU.ActiveCfg = Release|Any CPU
		{604475F7-7015-A434-355B-363402E0235F}.Release|Any CPU.Build.0 = Release|Any CPU
		{8FE2AC54-9145-FE0B-0066-2C1E80D4EB65}.Debug|Any CPU.ActiveCfg = Debug|Any CPU
		{8FE2AC54-9145-FE0B-0066-2C1E80D4EB65}.Debug|Any CPU.Build.0 = Debug|Any CPU
		{8FE2AC54-9145-FE0B-0066-2C1E80D4EB65}.Release|Any CPU.ActiveCfg = Release|Any CPU
		{8FE2AC54-9145-FE0B-0066-2C1E80D4EB65}.Release|Any CPU.Build.0 = Release|Any CPU
	EndGlobalSection
	GlobalSection(SolutionProperties) = preSolution
		HideSolutionNode = FALSE
	EndGlobalSection
EndGlobal
