
Microsoft Visual Studio Solution File, Format Version 12.00
# Visual Studio 15
Project("{FAE04EC0-301F-11D3-BF4B-00C04F79EFBC}") = "Assembly-CSharp", "Assembly-CSharp.csproj", "{EACD8AD8-32DF-319A-31B5-7ABFA65F1683}"
EndProject
Project("{FAE04EC0-301F-11D3-BF4B-00C04F79EFBC}") = "Assembly-CSharp-firstpass", "Assembly-CSharp-firstpass.csproj", "{8FD90DDE-AF1C-FB9A-63B5-3FC1DFB55A73}"
EndProject
Project("{FAE04EC0-301F-11D3-BF4B-00C04F79EFBC}") = "Assembly-CSharp-Editor", "Assembly-CSharp-Editor.csproj", "{8BDF6991-9E99-7FEF-545B-7090436508DB}"
EndProject
Project("{FAE04EC0-301F-11D3-BF4B-00C04F79EFBC}") = "Assembly-CSharp-Editor-firstpass", "Assembly-CSharp-Editor-firstpass.csproj", "{865E6EEE-69C2-9363-5CB5-5539883B0C28}"
EndProject
Global
	GlobalSection(SolutionConfigurationPlatforms) = preSolution
		Debug|Any CPU = Debug|Any CPU
		Release|Any CPU = Release|Any CPU
	EndGlobalSection
	GlobalSection(ProjectConfigurationPlatforms) = postSolution
		{EACD8AD8-32DF-319A-31B5-7ABFA65F1683}.Debug|Any CPU.ActiveCfg = Debug|Any CPU
		{EACD8AD8-32DF-319A-31B5-7ABFA65F1683}.Debug|Any CPU.Build.0 = Debug|Any CPU
		{EACD8AD8-32DF-319A-31B5-7ABFA65F1683}.Release|Any CPU.ActiveCfg = Release|Any CPU
		{EACD8AD8-32DF-319A-31B5-7ABFA65F1683}.Release|Any CPU.Build.0 = Release|Any CPU
		{8FD90DDE-AF1C-FB9A-63B5-3FC1DFB55A73}.Debug|Any CPU.ActiveCfg = Debug|Any CPU
		{8FD90DDE-AF1C-FB9A-63B5-3FC1DFB55A73}.Debug|Any CPU.Build.0 = Debug|Any CPU
		{8FD90DDE-AF1C-FB9A-63B5-3FC1DFB55A73}.Release|Any CPU.ActiveCfg = Release|Any CPU
		{8FD90DDE-AF1C-FB9A-63B5-3FC1DFB55A73}.Release|Any CPU.Build.0 = Release|Any CPU
		{8BDF6991-9E99-7FEF-545B-7090436508DB}.Debug|Any CPU.ActiveCfg = Debug|Any CPU
		{8BDF6991-9E99-7FEF-545B-7090436508DB}.Debug|Any CPU.Build.0 = Debug|Any CPU
		{8BDF6991-9E99-7FEF-545B-7090436508DB}.Release|Any CPU.ActiveCfg = Release|Any CPU
		{8BDF6991-9E99-7FEF-545B-7090436508DB}.Release|Any CPU.Build.0 = Release|Any CPU
		{865E6EEE-69C2-9363-5CB5-5539883B0C28}.Debug|Any CPU.ActiveCfg = Debug|Any CPU
		{865E6EEE-69C2-9363-5CB5-5539883B0C28}.Debug|Any CPU.Build.0 = Debug|Any CPU
		{865E6EEE-69C2-9363-5CB5-5539883B0C28}.Release|Any CPU.ActiveCfg = Release|Any CPU
		{865E6EEE-69C2-9363-5CB5-5539883B0C28}.Release|Any CPU.Build.0 = Release|Any CPU
	EndGlobalSection
	GlobalSection(SolutionProperties) = preSolution
		HideSolutionNode = FALSE
	EndGlobalSection
EndGlobal
